// !$*UTF8*$!
{
	archiveVersion = 1;
	classes = {
	};
	objectVersion = 46;
	objects = {

/* Begin PBXAggregateTarget section */
		172754BD107597F200D0347B /* Unit Tests */ = {
			isa = PBXAggregateTarget;
			buildConfigurationList = 172754C7107597F400D0347B /* Build configuration list for PBXAggregateTarget "Unit Tests" */;
			buildPhases = (
				172754BC107597F200D0347B /* ShellScript */,
			);
			dependencies = (
			);
			name = "Unit Tests";
			productName = "Unit Tests";
		};
		4D1A51A110A4FF5D0046A98A /* Compile */ = {
			isa = PBXAggregateTarget;
			buildConfigurationList = 4D1A51AB10A4FF6A0046A98A /* Build configuration list for PBXAggregateTarget "Compile" */;
			buildPhases = (
				4D1A51A010A4FF5D0046A98A /* ShellScript */,
			);
			dependencies = (
			);
			name = Compile;
			productName = Compile;
		};
		4D1A51A510A4FF640046A98A /* Embed */ = {
			isa = PBXAggregateTarget;
			buildConfigurationList = 4D1A51AC10A4FF6A0046A98A /* Build configuration list for PBXAggregateTarget "Embed" */;
			buildPhases = (
				4D1A51A410A4FF640046A98A /* ShellScript */,
			);
			dependencies = (
			);
			name = Embed;
			productName = Embed;
		};
/* End PBXAggregateTarget section */

/* Begin PBXBuildFile section */
		4A06076F1356F8520050736E /* AJKDocumentController.rb in Resources */ = {isa = PBXBuildFile; fileRef = 4A06076E1356F8520050736E /* AJKDocumentController.rb */; };
		4A0BE0F41321DC7000B86178 /* Placeholder.html in Resources */ = {isa = PBXBuildFile; fileRef = 4A0BE0F31321DC7000B86178 /* Placeholder.html */; };
		4A1357A4131D4DFE00C3A04F /* AJKApplicationController.rb in Resources */ = {isa = PBXBuildFile; fileRef = 4A1357A2131D4DFE00C3A04F /* AJKApplicationController.rb */; };
		4A1357E1131D5A4900C3A04F /* WebKit.framework in Frameworks */ = {isa = PBXBuildFile; fileRef = 4A1357E0131D5A4900C3A04F /* WebKit.framework */; };
		4A135C0D131D6F3900C3A04F /* AJKDocumentationStore.rb in Resources */ = {isa = PBXBuildFile; fileRef = 4A135C0C131D6F3900C3A04F /* AJKDocumentationStore.rb */; };
		4A15591815E169D1004006B9 /* AJKBlockFunctions.m in Sources */ = {isa = PBXBuildFile; fileRef = 4A15591515E169D1004006B9 /* AJKBlockFunctions.m */; };
		4A15591915E169D1004006B9 /* qLog.m in Sources */ = {isa = PBXBuildFile; fileRef = 4A15591715E169D1004006B9 /* qLog.m */; };
		4A15591C15E169EC004006B9 /* NSObject+PerformSelectorAdditions.m in Sources */ = {isa = PBXBuildFile; fileRef = 4A15591B15E169EC004006B9 /* NSObject+PerformSelectorAdditions.m */; };
		4A15591F15E16A4F004006B9 /* RegexKitLite.m in Sources */ = {isa = PBXBuildFile; fileRef = 4A15591E15E16A4F004006B9 /* RegexKitLite.m */; };
		4A15592215E16AAC004006B9 /* AJKBackgroundView.m in Sources */ = {isa = PBXBuildFile; fileRef = 4A15592115E16AAC004006B9 /* AJKBackgroundView.m */; };
		4A15592515E16ABD004006B9 /* NSColor+CGColor.m in Sources */ = {isa = PBXBuildFile; fileRef = 4A15592415E16ABD004006B9 /* NSColor+CGColor.m */; };
		4A15592A15E16ACF004006B9 /* XSViewController.m in Sources */ = {isa = PBXBuildFile; fileRef = 4A15592715E16ACF004006B9 /* XSViewController.m */; };
		4A15592B15E16ACF004006B9 /* XSWindowController.m in Sources */ = {isa = PBXBuildFile; fileRef = 4A15592915E16ACF004006B9 /* XSWindowController.m */; };
		4A2588DB135A2E74000D72B6 /* NSApplication+SystemVersion.m in Sources */ = {isa = PBXBuildFile; fileRef = 4A2588D2135A2E74000D72B6 /* NSApplication+SystemVersion.m */; };
		4A2588DC135A2E74000D72B6 /* NSArray+ElementsSortedByAbbreviation.m in Sources */ = {isa = PBXBuildFile; fileRef = 4A2588D4135A2E74000D72B6 /* NSArray+ElementsSortedByAbbreviation.m */; };
		4A2588DD135A2E74000D72B6 /* NSEvent+TestForModifiers.m in Sources */ = {isa = PBXBuildFile; fileRef = 4A2588D6135A2E74000D72B6 /* NSEvent+TestForModifiers.m */; };
		4A2588DE135A2E74000D72B6 /* NSString+LocalizedString.m in Sources */ = {isa = PBXBuildFile; fileRef = 4A2588D8135A2E74000D72B6 /* NSString+LocalizedString.m */; };
		4A2588DF135A2E74000D72B6 /* NSWorkspace+ApplicationURLsforURL.m in Sources */ = {isa = PBXBuildFile; fileRef = 4A2588DA135A2E74000D72B6 /* NSWorkspace+ApplicationURLsforURL.m */; };
		4A258910135A3222000D72B6 /* AddressBook.framework in Frameworks */ = {isa = PBXBuildFile; fileRef = 4A25890F135A3222000D72B6 /* AddressBook.framework */; };
		4A258915135A330C000D72B6 /* libicucore.dylib in Frameworks */ = {isa = PBXBuildFile; fileRef = 4A258914135A330C000D72B6 /* libicucore.dylib */; };
		4A29FE0015E16F4A008B916E /* NSFileManager+CommonFolders.m in Sources */ = {isa = PBXBuildFile; fileRef = 4A29FDFF15E16F4A008B916E /* NSFileManager+CommonFolders.m */; };
		4A29FE0315E1703C008B916E /* NSArray+UntestedIndex.m in Sources */ = {isa = PBXBuildFile; fileRef = 4A29FE0215E1703C008B916E /* NSArray+UntestedIndex.m */; };
		4A2F115D131FD78E0029B4B8 /* Documentation Store Model.xcdatamodeld in Sources */ = {isa = PBXBuildFile; fileRef = 4A2F115B131FD78E0029B4B8 /* Documentation Store Model.xcdatamodeld */; };
		4A2F1187131FF5C40029B4B8 /* _AJKDocumentationElement.m in Sources */ = {isa = PBXBuildFile; fileRef = 4A2F117D131FF5C40029B4B8 /* _AJKDocumentationElement.m */; };
		4A2F1188131FF5C40029B4B8 /* _AJKDocumentationSet.m in Sources */ = {isa = PBXBuildFile; fileRef = 4A2F117F131FF5C40029B4B8 /* _AJKDocumentationSet.m */; };
		4A2F118A131FF5C40029B4B8 /* AJKDocumentationElement.m in Sources */ = {isa = PBXBuildFile; fileRef = 4A2F1183131FF5C40029B4B8 /* AJKDocumentationElement.m */; };
		4A2F118B131FF5C40029B4B8 /* AJKDocumentationSet.m in Sources */ = {isa = PBXBuildFile; fileRef = 4A2F1185131FF5C40029B4B8 /* AJKDocumentationSet.m */; };
		4A2F11E213213AF60029B4B8 /* AJKDocumentationWindowController.rb in Resources */ = {isa = PBXBuildFile; fileRef = 4A2F11E113213AF60029B4B8 /* AJKDocumentationWindowController.rb */; };
		4A3611501322DAD1002E2150 /* AJKDocumentationIndexingOperation.rb in Resources */ = {isa = PBXBuildFile; fileRef = 4A36114E1322DAD1002E2150 /* AJKDocumentationIndexingOperation.rb */; };
		4A3611511322DAD1002E2150 /* AJKEntityAccess.rb in Resources */ = {isa = PBXBuildFile; fileRef = 4A36114F1322DAD1002E2150 /* AJKEntityAccess.rb */; };
		4A404214134BB73D00B8D015 /* Detail Mode.pdf in Resources */ = {isa = PBXBuildFile; fileRef = 4A404213134BB73D00B8D015 /* Detail Mode.pdf */; };
		4A4638A4131D49B800E525C2 /* rb_main.rb in Resources */ = {isa = PBXBuildFile; fileRef = 4A4638A3131D49B800E525C2 /* rb_main.rb */; };
		4A4638A6131D49BD00E525C2 /* main.m in Sources */ = {isa = PBXBuildFile; fileRef = 4A4638A5131D49BD00E525C2 /* main.m */; };
		4A4638C2131D4AEF00E525C2 /* Main Menu.xib in Resources */ = {isa = PBXBuildFile; fileRef = 4A4638C1131D4AEF00E525C2 /* Main Menu.xib */; };
		4A4638CE131D4B5100E525C2 /* Document Window.xib in Resources */ = {isa = PBXBuildFile; fileRef = 4A4638CD131D4B5100E525C2 /* Document Window.xib */; };
		4A491C081359AACF00436C3F /* AJKReferencesDocument.rb in Resources */ = {isa = PBXBuildFile; fileRef = 4A491C071359AACF00436C3F /* AJKReferencesDocument.rb */; };
		4A5F996C15E19E7600D626ED /* NSURL+Equivalent.m in Sources */ = {isa = PBXBuildFile; fileRef = 4A5F996B15E19E7600D626ED /* NSURL+Equivalent.m */; };
		4A5F997515E19F7800D626ED /* TFHpple.m in Sources */ = {isa = PBXBuildFile; fileRef = 4A5F997015E19F7800D626ED /* TFHpple.m */; };
		4A5F997615E19F7800D626ED /* TFHppleElement.m in Sources */ = {isa = PBXBuildFile; fileRef = 4A5F997215E19F7800D626ED /* TFHppleElement.m */; };
		4A5F997715E19F7800D626ED /* XPathQuery.m in Sources */ = {isa = PBXBuildFile; fileRef = 4A5F997415E19F7800D626ED /* XPathQuery.m */; };
		4A5F997A15E1A0C700D626ED /* TFHpple+Search.m in Sources */ = {isa = PBXBuildFile; fileRef = 4A5F997915E1A0C700D626ED /* TFHpple+Search.m */; };
		4A653D80135A6D1F00324659 /* AJKSearchPaneController.m in Sources */ = {isa = PBXBuildFile; fileRef = 4A653D76135A6D1F00324659 /* AJKSearchPaneController.m */; };
		4A653D81135A6D1F00324659 /* AJKSplitView.m in Sources */ = {isa = PBXBuildFile; fileRef = 4A653D78135A6D1F00324659 /* AJKSplitView.m */; };
		4A653D82135A6D1F00324659 /* AJKTabBar.m in Sources */ = {isa = PBXBuildFile; fileRef = 4A653D7A135A6D1F00324659 /* AJKTabBar.m */; };
		4A653D83135A6D1F00324659 /* AJKTabBarItem.m in Sources */ = {isa = PBXBuildFile; fileRef = 4A653D7D135A6D1F00324659 /* AJKTabBarItem.m */; };
		4A653D84135A6D1F00324659 /* AJKXMLParser.m in Sources */ = {isa = PBXBuildFile; fileRef = 4A653D7F135A6D1F00324659 /* AJKXMLParser.m */; };
		4A6FEAD1136025EF00C20111 /* AJKViewController.rb in Resources */ = {isa = PBXBuildFile; fileRef = 4A6FEAD0136025EF00C20111 /* AJKViewController.rb */; };
		4A7C4E72134AD19300AD69AB /* Children.pdf in Resources */ = {isa = PBXBuildFile; fileRef = 4A7C4E71134AD19300AD69AB /* Children.pdf */; };
		4A80A8F21359184F009CEA2D /* AJKSplitViewController.rb in Resources */ = {isa = PBXBuildFile; fileRef = 4A80A8F11359184F009CEA2D /* AJKSplitViewController.rb */; };
		4A80A8F413591895009CEA2D /* Split View.xib in Resources */ = {isa = PBXBuildFile; fileRef = 4A80A8F313591895009CEA2D /* Split View.xib */; };
		4A812DDC135AB4410091477D /* AJKRubyAdditions.rb in Resources */ = {isa = PBXBuildFile; fileRef = 4A812DDB135AB4410091477D /* AJKRubyAdditions.rb */; };
		4A887E8C1343BC0B00F8C4AA /* AJKReferencePaneController.rb in Resources */ = {isa = PBXBuildFile; fileRef = 4A887E8A1343BC0B00F8C4AA /* AJKReferencePaneController.rb */; };
		4A887E921343BD7900F8C4AA /* Reference Pane.xib in Resources */ = {isa = PBXBuildFile; fileRef = 4A887E911343BD7900F8C4AA /* Reference Pane.xib */; };
		4A8C2414132D656C00F0B475 /* QuartzCore.framework in Frameworks */ = {isa = PBXBuildFile; fileRef = 4A8C2413132D656C00F0B475 /* QuartzCore.framework */; };
		4A8E2B211348CE4F00DEA898 /* Infinite.pdf in Resources */ = {isa = PBXBuildFile; fileRef = 4A8E2B201348CE4F00DEA898 /* Infinite.pdf */; };
		4A940C99135C64CB00727132 /* AJKIndexingWindowController.rb in Resources */ = {isa = PBXBuildFile; fileRef = 4A940C98135C64CB00727132 /* AJKIndexingWindowController.rb */; };
		4A951844136CDEFC00DF12F4 /* AJKSegmentedCell.rb in Resources */ = {isa = PBXBuildFile; fileRef = 4A951843136CDEFC00DF12F4 /* AJKSegmentedCell.rb */; };
		4A99B0FA136C7AAD00D75F74 /* AJKViewController.m in Sources */ = {isa = PBXBuildFile; fileRef = 4A99B0F9136C7AAD00D75F74 /* AJKViewController.m */; };
		4AA3A85D132171490055908C /* Search Pane.xib in Resources */ = {isa = PBXBuildFile; fileRef = 4AA3A85C132171490055908C /* Search Pane.xib */; };
		4AA44AE81347576D006BBEB7 /* AJKToolbarViewController.rb in Resources */ = {isa = PBXBuildFile; fileRef = 4AA44AE71347576D006BBEB7 /* AJKToolbarViewController.rb */; };
		4AA44AEA13477400006BBEB7 /* Split View Drag Thumb.pdf in Resources */ = {isa = PBXBuildFile; fileRef = 4AA44AE913477400006BBEB7 /* Split View Drag Thumb.pdf */; };
		4AA44AF313477665006BBEB7 /* Arrow Divider.pdf in Resources */ = {isa = PBXBuildFile; fileRef = 4AA44AEB13477665006BBEB7 /* Arrow Divider.pdf */; };
		4AA44AF413477665006BBEB7 /* Favourites.pdf in Resources */ = {isa = PBXBuildFile; fileRef = 4AA44AEC13477665006BBEB7 /* Favourites.pdf */; };
		4AA44AF613477665006BBEB7 /* History.pdf in Resources */ = {isa = PBXBuildFile; fileRef = 4AA44AEE13477665006BBEB7 /* History.pdf */; };
		4AA44AF713477665006BBEB7 /* Left Arrow.pdf in Resources */ = {isa = PBXBuildFile; fileRef = 4AA44AEF13477665006BBEB7 /* Left Arrow.pdf */; };
		4AA44AF813477665006BBEB7 /* References Divider.pdf in Resources */ = {isa = PBXBuildFile; fileRef = 4AA44AF013477665006BBEB7 /* References Divider.pdf */; };
		4AA44AF913477665006BBEB7 /* Right Arrow.pdf in Resources */ = {isa = PBXBuildFile; fileRef = 4AA44AF113477665006BBEB7 /* Right Arrow.pdf */; };
		4AA44AFA13477665006BBEB7 /* Search.pdf in Resources */ = {isa = PBXBuildFile; fileRef = 4AA44AF213477665006BBEB7 /* Search.pdf */; };
		4AA88F60136F1C8F00992E63 /* NSURL+Quarantine.m in Sources */ = {isa = PBXBuildFile; fileRef = 4AA88F5F136F1C8F00992E63 /* NSURL+Quarantine.m */; };
		4AA88F62136F1CE900992E63 /* CoreServices.framework in Frameworks */ = {isa = PBXBuildFile; fileRef = 4AA88F61136F1CE900992E63 /* CoreServices.framework */; };
		4AAF8BB0135AD6AC001402D1 /* Indexing Window.xib in Resources */ = {isa = PBXBuildFile; fileRef = 4AAF8BAF135AD6AC001402D1 /* Indexing Window.xib */; };
		4AB984AD1346D78600743E90 /* AJKSearchPaneController.rb in Resources */ = {isa = PBXBuildFile; fileRef = 4AB984AC1346D78600743E90 /* AJKSearchPaneController.rb */; };
		4ACEBC36131ED46C009D1036 /* libxml2.dylib in Frameworks */ = {isa = PBXBuildFile; fileRef = 4ACEBC35131ED46C009D1036 /* libxml2.dylib */; };
		4AD45A6F134AD43C008F5C11 /* Filtered.pdf in Resources */ = {isa = PBXBuildFile; fileRef = 4AD45A6E134AD43C008F5C11 /* Filtered.pdf */; };
		4AD45A71134AD61C008F5C11 /* Limited.pdf in Resources */ = {isa = PBXBuildFile; fileRef = 4AD45A70134AD61C008F5C11 /* Limited.pdf */; };
		4AD973D31369C613003CB54B /* Browser Identifiers.plist in Resources */ = {isa = PBXBuildFile; fileRef = 4AD973D21369C613003CB54B /* Browser Identifiers.plist */; };
		4AD973E6136C73C6003CB54B /* Toolbar View.xib in Resources */ = {isa = PBXBuildFile; fileRef = 4AD973E5136C73C6003CB54B /* Toolbar View.xib */; };
		4AD9ACC41355FA8F0035700B /* Documentation Popup Arrow.pdf in Resources */ = {isa = PBXBuildFile; fileRef = 4AD9ACC31355FA8F0035700B /* Documentation Popup Arrow.pdf */; };
		4DE3BE140D8651D900ECA448 /* MacRuby.framework in Frameworks */ = {isa = PBXBuildFile; fileRef = 4DE3BE130D8651D900ECA448 /* MacRuby.framework */; };
		8D11072F0486CEB800E47090 /* Cocoa.framework in Frameworks */ = {isa = PBXBuildFile; fileRef = 1058C7A1FEA54F0111CA2CBB /* Cocoa.framework */; };
/* End PBXBuildFile section */

/* Begin PBXCopyFilesBuildPhase section */
		4ACEBC0B131DAD75009D1036 /* Copy Frameworks */ = {
			isa = PBXCopyFilesBuildPhase;
			buildActionMask = 2147483647;
			dstPath = "";
			dstSubfolderSpec = 10;
			files = (
			);
			name = "Copy Frameworks";
			runOnlyForDeploymentPostprocessing = 0;
		};
/* End PBXCopyFilesBuildPhase section */

/* Begin PBXFileReference section */
		1058C7A1FEA54F0111CA2CBB /* Cocoa.framework */ = {isa = PBXFileReference; lastKnownFileType = wrapper.framework; name = Cocoa.framework; path = /System/Library/Frameworks/Cocoa.framework; sourceTree = "<absolute>"; };
		4A06076E1356F8520050736E /* AJKDocumentController.rb */ = {isa = PBXFileReference; fileEncoding = 4; lastKnownFileType = text.script.ruby; name = AJKDocumentController.rb; path = Core/Ruby/AJKDocumentController.rb; sourceTree = "<group>"; };
		4A0BE0F31321DC7000B86178 /* Placeholder.html */ = {isa = PBXFileReference; fileEncoding = 4; lastKnownFileType = text.html; name = Placeholder.html; path = Core/Resources/Placeholder.html; sourceTree = "<group>"; };
		4A1357A2131D4DFE00C3A04F /* AJKApplicationController.rb */ = {isa = PBXFileReference; fileEncoding = 4; lastKnownFileType = text.script.ruby; name = AJKApplicationController.rb; path = Core/Ruby/AJKApplicationController.rb; sourceTree = "<group>"; };
		4A1357E0131D5A4900C3A04F /* WebKit.framework */ = {isa = PBXFileReference; lastKnownFileType = wrapper.framework; name = WebKit.framework; path = System/Library/Frameworks/WebKit.framework; sourceTree = SDKROOT; };
		4A135B88131D5D2000C3A04F /* AJKPrefix.pch */ = {isa = PBXFileReference; fileEncoding = 4; lastKnownFileType = sourcecode.c.h; name = AJKPrefix.pch; path = Core/Environment/AJKPrefix.pch; sourceTree = "<group>"; };
		4A135C0C131D6F3900C3A04F /* AJKDocumentationStore.rb */ = {isa = PBXFileReference; fileEncoding = 4; lastKnownFileType = text.script.ruby; name = AJKDocumentationStore.rb; path = Core/Ruby/AJKDocumentationStore.rb; sourceTree = "<group>"; };
		4A15591415E169D1004006B9 /* AJKBlockFunctions.h */ = {isa = PBXFileReference; fileEncoding = 4; lastKnownFileType = sourcecode.c.h; name = AJKBlockFunctions.h; path = Core/Sources/AJKFoundation/Combined/Functions/AJKBlockFunctions.h; sourceTree = SOURCE_ROOT; };
		4A15591515E169D1004006B9 /* AJKBlockFunctions.m */ = {isa = PBXFileReference; fileEncoding = 4; lastKnownFileType = sourcecode.c.objc; name = AJKBlockFunctions.m; path = Core/Sources/AJKFoundation/Combined/Functions/AJKBlockFunctions.m; sourceTree = SOURCE_ROOT; };
		4A15591615E169D1004006B9 /* qLog.h */ = {isa = PBXFileReference; fileEncoding = 4; lastKnownFileType = sourcecode.c.h; name = qLog.h; path = Core/Sources/AJKFoundation/Combined/Functions/qLog.h; sourceTree = SOURCE_ROOT; };
		4A15591715E169D1004006B9 /* qLog.m */ = {isa = PBXFileReference; fileEncoding = 4; lastKnownFileType = sourcecode.c.objc; name = qLog.m; path = Core/Sources/AJKFoundation/Combined/Functions/qLog.m; sourceTree = SOURCE_ROOT; };
		4A15591A15E169EC004006B9 /* NSObject+PerformSelectorAdditions.h */ = {isa = PBXFileReference; fileEncoding = 4; lastKnownFileType = sourcecode.c.h; name = "NSObject+PerformSelectorAdditions.h"; path = "Core/Sources/AJKFoundation/Combined/Categories/NSObject+PerformSelectorAdditions.h"; sourceTree = SOURCE_ROOT; };
		4A15591B15E169EC004006B9 /* NSObject+PerformSelectorAdditions.m */ = {isa = PBXFileReference; fileEncoding = 4; lastKnownFileType = sourcecode.c.objc; name = "NSObject+PerformSelectorAdditions.m"; path = "Core/Sources/AJKFoundation/Combined/Categories/NSObject+PerformSelectorAdditions.m"; sourceTree = SOURCE_ROOT; };
		4A15591D15E16A4F004006B9 /* RegexKitLite.h */ = {isa = PBXFileReference; fileEncoding = 4; lastKnownFileType = sourcecode.c.h; name = RegexKitLite.h; path = "Core/Sources/AJKFoundation/Other Peoples Code/RegexKitLite/RegexKitLite.h"; sourceTree = SOURCE_ROOT; };
		4A15591E15E16A4F004006B9 /* RegexKitLite.m */ = {isa = PBXFileReference; fileEncoding = 4; lastKnownFileType = sourcecode.c.objc; name = RegexKitLite.m; path = "Core/Sources/AJKFoundation/Other Peoples Code/RegexKitLite/RegexKitLite.m"; sourceTree = SOURCE_ROOT; };
		4A15592015E16AAC004006B9 /* AJKBackgroundView.h */ = {isa = PBXFileReference; fileEncoding = 4; lastKnownFileType = sourcecode.c.h; name = AJKBackgroundView.h; path = Core/Sources/AJKFoundation/Mac/Classes/AJKBackgroundView.h; sourceTree = SOURCE_ROOT; };
		4A15592115E16AAC004006B9 /* AJKBackgroundView.m */ = {isa = PBXFileReference; fileEncoding = 4; lastKnownFileType = sourcecode.c.objc; name = AJKBackgroundView.m; path = Core/Sources/AJKFoundation/Mac/Classes/AJKBackgroundView.m; sourceTree = SOURCE_ROOT; };
		4A15592315E16ABD004006B9 /* NSColor+CGColor.h */ = {isa = PBXFileReference; fileEncoding = 4; lastKnownFileType = sourcecode.c.h; name = "NSColor+CGColor.h"; path = "Core/Sources/AJKFoundation/Mac/Categories/NSColor+CGColor.h"; sourceTree = SOURCE_ROOT; };
		4A15592415E16ABD004006B9 /* NSColor+CGColor.m */ = {isa = PBXFileReference; fileEncoding = 4; lastKnownFileType = sourcecode.c.objc; name = "NSColor+CGColor.m"; path = "Core/Sources/AJKFoundation/Mac/Categories/NSColor+CGColor.m"; sourceTree = SOURCE_ROOT; };
		4A15592615E16ACF004006B9 /* XSViewController.h */ = {isa = PBXFileReference; fileEncoding = 4; lastKnownFileType = sourcecode.c.h; name = XSViewController.h; path = "Core/Sources/AJKFoundation/Other Peoples Code/XSControllers/XSViewController.h"; sourceTree = SOURCE_ROOT; };
		4A15592715E16ACF004006B9 /* XSViewController.m */ = {isa = PBXFileReference; fileEncoding = 4; lastKnownFileType = sourcecode.c.objc; name = XSViewController.m; path = "Core/Sources/AJKFoundation/Other Peoples Code/XSControllers/XSViewController.m"; sourceTree = SOURCE_ROOT; };
		4A15592815E16ACF004006B9 /* XSWindowController.h */ = {isa = PBXFileReference; fileEncoding = 4; lastKnownFileType = sourcecode.c.h; name = XSWindowController.h; path = "Core/Sources/AJKFoundation/Other Peoples Code/XSControllers/XSWindowController.h"; sourceTree = SOURCE_ROOT; };
		4A15592915E16ACF004006B9 /* XSWindowController.m */ = {isa = PBXFileReference; fileEncoding = 4; lastKnownFileType = sourcecode.c.objc; name = XSWindowController.m; path = "Core/Sources/AJKFoundation/Other Peoples Code/XSControllers/XSWindowController.m"; sourceTree = SOURCE_ROOT; };
		4A2588D1135A2E74000D72B6 /* NSApplication+SystemVersion.h */ = {isa = PBXFileReference; fileEncoding = 4; lastKnownFileType = sourcecode.c.h; name = "NSApplication+SystemVersion.h"; path = "Core/Categories/NSApplication+SystemVersion.h"; sourceTree = "<group>"; };
		4A2588D2135A2E74000D72B6 /* NSApplication+SystemVersion.m */ = {isa = PBXFileReference; fileEncoding = 4; lastKnownFileType = sourcecode.c.objc; name = "NSApplication+SystemVersion.m"; path = "Core/Categories/NSApplication+SystemVersion.m"; sourceTree = "<group>"; };
		4A2588D3135A2E74000D72B6 /* NSArray+ElementsSortedByAbbreviation.h */ = {isa = PBXFileReference; fileEncoding = 4; lastKnownFileType = sourcecode.c.h; name = "NSArray+ElementsSortedByAbbreviation.h"; path = "Core/Categories/NSArray+ElementsSortedByAbbreviation.h"; sourceTree = "<group>"; };
		4A2588D4135A2E74000D72B6 /* NSArray+ElementsSortedByAbbreviation.m */ = {isa = PBXFileReference; fileEncoding = 4; lastKnownFileType = sourcecode.c.objc; name = "NSArray+ElementsSortedByAbbreviation.m"; path = "Core/Categories/NSArray+ElementsSortedByAbbreviation.m"; sourceTree = "<group>"; };
		4A2588D5135A2E74000D72B6 /* NSEvent+TestForModifiers.h */ = {isa = PBXFileReference; fileEncoding = 4; lastKnownFileType = sourcecode.c.h; name = "NSEvent+TestForModifiers.h"; path = "Core/Categories/NSEvent+TestForModifiers.h"; sourceTree = "<group>"; };
		4A2588D6135A2E74000D72B6 /* NSEvent+TestForModifiers.m */ = {isa = PBXFileReference; fileEncoding = 4; lastKnownFileType = sourcecode.c.objc; name = "NSEvent+TestForModifiers.m"; path = "Core/Categories/NSEvent+TestForModifiers.m"; sourceTree = "<group>"; };
		4A2588D7135A2E74000D72B6 /* NSString+LocalizedString.h */ = {isa = PBXFileReference; fileEncoding = 4; lastKnownFileType = sourcecode.c.h; name = "NSString+LocalizedString.h"; path = "Core/Categories/NSString+LocalizedString.h"; sourceTree = "<group>"; };
		4A2588D8135A2E74000D72B6 /* NSString+LocalizedString.m */ = {isa = PBXFileReference; fileEncoding = 4; lastKnownFileType = sourcecode.c.objc; name = "NSString+LocalizedString.m"; path = "Core/Categories/NSString+LocalizedString.m"; sourceTree = "<group>"; };
		4A2588D9135A2E74000D72B6 /* NSWorkspace+ApplicationURLsforURL.h */ = {isa = PBXFileReference; fileEncoding = 4; lastKnownFileType = sourcecode.c.h; name = "NSWorkspace+ApplicationURLsforURL.h"; path = "Core/Categories/NSWorkspace+ApplicationURLsforURL.h"; sourceTree = "<group>"; };
		4A2588DA135A2E74000D72B6 /* NSWorkspace+ApplicationURLsforURL.m */ = {isa = PBXFileReference; fileEncoding = 4; lastKnownFileType = sourcecode.c.objc; name = "NSWorkspace+ApplicationURLsforURL.m"; path = "Core/Categories/NSWorkspace+ApplicationURLsforURL.m"; sourceTree = "<group>"; };
		4A25890F135A3222000D72B6 /* AddressBook.framework */ = {isa = PBXFileReference; lastKnownFileType = wrapper.framework; name = AddressBook.framework; path = ../../../../../../../../System/Library/Frameworks/AddressBook.framework; sourceTree = "<group>"; };
		4A258914135A330C000D72B6 /* libicucore.dylib */ = {isa = PBXFileReference; lastKnownFileType = "compiled.mach-o.dylib"; name = libicucore.dylib; path = usr/lib/libicucore.dylib; sourceTree = SDKROOT; };
		4A29FDFE15E16F4A008B916E /* NSFileManager+CommonFolders.h */ = {isa = PBXFileReference; fileEncoding = 4; lastKnownFileType = sourcecode.c.h; name = "NSFileManager+CommonFolders.h"; path = "Core/Sources/AJKFoundation/Mac/Categories/NSFileManager+CommonFolders.h"; sourceTree = SOURCE_ROOT; };
		4A29FDFF15E16F4A008B916E /* NSFileManager+CommonFolders.m */ = {isa = PBXFileReference; fileEncoding = 4; lastKnownFileType = sourcecode.c.objc; name = "NSFileManager+CommonFolders.m"; path = "Core/Sources/AJKFoundation/Mac/Categories/NSFileManager+CommonFolders.m"; sourceTree = SOURCE_ROOT; };
		4A29FE0115E1703C008B916E /* NSArray+UntestedIndex.h */ = {isa = PBXFileReference; fileEncoding = 4; lastKnownFileType = sourcecode.c.h; name = "NSArray+UntestedIndex.h"; path = "Core/Sources/AJKFoundation/Combined/Categories/NSArray+UntestedIndex.h"; sourceTree = SOURCE_ROOT; };
		4A29FE0215E1703C008B916E /* NSArray+UntestedIndex.m */ = {isa = PBXFileReference; fileEncoding = 4; lastKnownFileType = sourcecode.c.objc; name = "NSArray+UntestedIndex.m"; path = "Core/Sources/AJKFoundation/Combined/Categories/NSArray+UntestedIndex.m"; sourceTree = SOURCE_ROOT; };
		4A2F115C131FD78E0029B4B8 /* Documentation Store Model.xcdatamodel */ = {isa = PBXFileReference; lastKnownFileType = wrapper.xcdatamodel; path = "Documentation Store Model.xcdatamodel"; sourceTree = "<group>"; };
		4A2F117C131FF5C40029B4B8 /* _AJKDocumentationElement.h */ = {isa = PBXFileReference; fileEncoding = 4; lastKnownFileType = sourcecode.c.h; name = _AJKDocumentationElement.h; path = "Core/Data Model/_AJKDocumentationElement.h"; sourceTree = "<group>"; };
		4A2F117D131FF5C40029B4B8 /* _AJKDocumentationElement.m */ = {isa = PBXFileReference; fileEncoding = 4; lastKnownFileType = sourcecode.c.objc; name = _AJKDocumentationElement.m; path = "Core/Data Model/_AJKDocumentationElement.m"; sourceTree = "<group>"; };
		4A2F117E131FF5C40029B4B8 /* _AJKDocumentationSet.h */ = {isa = PBXFileReference; fileEncoding = 4; lastKnownFileType = sourcecode.c.h; name = _AJKDocumentationSet.h; path = "Core/Data Model/_AJKDocumentationSet.h"; sourceTree = "<group>"; };
		4A2F117F131FF5C40029B4B8 /* _AJKDocumentationSet.m */ = {isa = PBXFileReference; fileEncoding = 4; lastKnownFileType = sourcecode.c.objc; name = _AJKDocumentationSet.m; path = "Core/Data Model/_AJKDocumentationSet.m"; sourceTree = "<group>"; };
		4A2F1182131FF5C40029B4B8 /* AJKDocumentationElement.h */ = {isa = PBXFileReference; fileEncoding = 4; lastKnownFileType = sourcecode.c.h; name = AJKDocumentationElement.h; path = "Core/Data Model/AJKDocumentationElement.h"; sourceTree = "<group>"; };
		4A2F1183131FF5C40029B4B8 /* AJKDocumentationElement.m */ = {isa = PBXFileReference; fileEncoding = 4; lastKnownFileType = sourcecode.c.objc; name = AJKDocumentationElement.m; path = "Core/Data Model/AJKDocumentationElement.m"; sourceTree = "<group>"; };
		4A2F1184131FF5C40029B4B8 /* AJKDocumentationSet.h */ = {isa = PBXFileReference; fileEncoding = 4; lastKnownFileType = sourcecode.c.h; name = AJKDocumentationSet.h; path = "Core/Data Model/AJKDocumentationSet.h"; sourceTree = "<group>"; };
		4A2F1185131FF5C40029B4B8 /* AJKDocumentationSet.m */ = {isa = PBXFileReference; fileEncoding = 4; lastKnownFileType = sourcecode.c.objc; name = AJKDocumentationSet.m; path = "Core/Data Model/AJKDocumentationSet.m"; sourceTree = "<group>"; };
		4A2F11E113213AF60029B4B8 /* AJKDocumentationWindowController.rb */ = {isa = PBXFileReference; fileEncoding = 4; lastKnownFileType = text.script.ruby; name = AJKDocumentationWindowController.rb; path = Core/Ruby/AJKDocumentationWindowController.rb; sourceTree = "<group>"; };
		4A36114E1322DAD1002E2150 /* AJKDocumentationIndexingOperation.rb */ = {isa = PBXFileReference; fileEncoding = 4; lastKnownFileType = text.script.ruby; name = AJKDocumentationIndexingOperation.rb; path = Core/Ruby/AJKDocumentationIndexingOperation.rb; sourceTree = "<group>"; };
		4A36114F1322DAD1002E2150 /* AJKEntityAccess.rb */ = {isa = PBXFileReference; fileEncoding = 4; lastKnownFileType = text.script.ruby; name = AJKEntityAccess.rb; path = Core/Ruby/AJKEntityAccess.rb; sourceTree = "<group>"; };
		4A404213134BB73D00B8D015 /* Detail Mode.pdf */ = {isa = PBXFileReference; lastKnownFileType = image.pdf; name = "Detail Mode.pdf"; path = "Design/Detail Mode.pdf"; sourceTree = "<group>"; };
		4A4638A3131D49B800E525C2 /* rb_main.rb */ = {isa = PBXFileReference; fileEncoding = 4; lastKnownFileType = text.script.ruby; name = rb_main.rb; path = Core/Environment/rb_main.rb; sourceTree = "<group>"; };
		4A4638A5131D49BD00E525C2 /* main.m */ = {isa = PBXFileReference; fileEncoding = 4; lastKnownFileType = sourcecode.c.objc; name = main.m; path = Core/Environment/main.m; sourceTree = "<group>"; };
		4A4638B1131D49DB00E525C2 /* Info.plist */ = {isa = PBXFileReference; fileEncoding = 4; lastKnownFileType = text.plist.xml; name = Info.plist; path = Core/Environment/Info.plist; sourceTree = "<group>"; };
		4A4638C1131D4AEF00E525C2 /* Main Menu.xib */ = {isa = PBXFileReference; lastKnownFileType = file.xib; name = "Main Menu.xib"; path = "Core/Interface/Main Menu.xib"; sourceTree = "<group>"; };
		4A4638C3131D4AEF00E525C2 /* Quartzite.app */ = {isa = PBXFileReference; explicitFileType = wrapper.application; includeInIndex = 0; path = Quartzite.app; sourceTree = BUILT_PRODUCTS_DIR; };
		4A4638CD131D4B5100E525C2 /* Document Window.xib */ = {isa = PBXFileReference; lastKnownFileType = file.xib; name = "Document Window.xib"; path = "Core/Interface/Document Window.xib"; sourceTree = "<group>"; };
		4A491C071359AACF00436C3F /* AJKReferencesDocument.rb */ = {isa = PBXFileReference; fileEncoding = 4; lastKnownFileType = text.script.ruby; name = AJKReferencesDocument.rb; path = Core/Ruby/AJKReferencesDocument.rb; sourceTree = "<group>"; };
		4A5F996A15E19E7600D626ED /* NSURL+Equivalent.h */ = {isa = PBXFileReference; fileEncoding = 4; lastKnownFileType = sourcecode.c.h; name = "NSURL+Equivalent.h"; path = "Core/Sources/AJKFoundation/Combined/Categories/NSURL+Equivalent.h"; sourceTree = SOURCE_ROOT; };
		4A5F996B15E19E7600D626ED /* NSURL+Equivalent.m */ = {isa = PBXFileReference; fileEncoding = 4; lastKnownFileType = sourcecode.c.objc; name = "NSURL+Equivalent.m"; path = "Core/Sources/AJKFoundation/Combined/Categories/NSURL+Equivalent.m"; sourceTree = SOURCE_ROOT; };
		4A5F996F15E19F7800D626ED /* TFHpple.h */ = {isa = PBXFileReference; fileEncoding = 4; lastKnownFileType = sourcecode.c.h; name = TFHpple.h; path = Core/Sources/hpple/TFHpple.h; sourceTree = SOURCE_ROOT; };
		4A5F997015E19F7800D626ED /* TFHpple.m */ = {isa = PBXFileReference; fileEncoding = 4; lastKnownFileType = sourcecode.c.objc; name = TFHpple.m; path = Core/Sources/hpple/TFHpple.m; sourceTree = SOURCE_ROOT; };
		4A5F997115E19F7800D626ED /* TFHppleElement.h */ = {isa = PBXFileReference; fileEncoding = 4; lastKnownFileType = sourcecode.c.h; name = TFHppleElement.h; path = Core/Sources/hpple/TFHppleElement.h; sourceTree = SOURCE_ROOT; };
		4A5F997215E19F7800D626ED /* TFHppleElement.m */ = {isa = PBXFileReference; fileEncoding = 4; lastKnownFileType = sourcecode.c.objc; name = TFHppleElement.m; path = Core/Sources/hpple/TFHppleElement.m; sourceTree = SOURCE_ROOT; };
		4A5F997315E19F7800D626ED /* XPathQuery.h */ = {isa = PBXFileReference; fileEncoding = 4; lastKnownFileType = sourcecode.c.h; name = XPathQuery.h; path = Core/Sources/hpple/XPathQuery.h; sourceTree = SOURCE_ROOT; };
		4A5F997415E19F7800D626ED /* XPathQuery.m */ = {isa = PBXFileReference; fileEncoding = 4; lastKnownFileType = sourcecode.c.objc; name = XPathQuery.m; path = Core/Sources/hpple/XPathQuery.m; sourceTree = SOURCE_ROOT; };
		4A5F997815E1A0C700D626ED /* TFHpple+Search.h */ = {isa = PBXFileReference; fileEncoding = 4; lastKnownFileType = sourcecode.c.h; name = "TFHpple+Search.h"; path = "Core/Categories/TFHpple+Search.h"; sourceTree = "<group>"; };
		4A5F997915E1A0C700D626ED /* TFHpple+Search.m */ = {isa = PBXFileReference; fileEncoding = 4; lastKnownFileType = sourcecode.c.objc; name = "TFHpple+Search.m"; path = "Core/Categories/TFHpple+Search.m"; sourceTree = "<group>"; };
		4A5F997B15E1A18B00D626ED /* NSString+ScoreForAbbreviation.h */ = {isa = PBXFileReference; fileEncoding = 4; lastKnownFileType = sourcecode.c.h; name = "NSString+ScoreForAbbreviation.h"; path = "Core/Sources/AJKFoundation/Combined/Categories/NSString+ScoreForAbbreviation.h"; sourceTree = SOURCE_ROOT; };
		4A5F997C15E1A18B00D626ED /* NSString+ScoreForAbbreviation.m */ = {isa = PBXFileReference; fileEncoding = 4; lastKnownFileType = sourcecode.c.objc; name = "NSString+ScoreForAbbreviation.m"; path = "Core/Sources/AJKFoundation/Combined/Categories/NSString+ScoreForAbbreviation.m"; sourceTree = SOURCE_ROOT; };
		4A653D75135A6D1F00324659 /* AJKSearchPaneController.h */ = {isa = PBXFileReference; fileEncoding = 4; lastKnownFileType = sourcecode.c.h; name = AJKSearchPaneController.h; path = Core/Classes/AJKSearchPaneController.h; sourceTree = "<group>"; };
		4A653D76135A6D1F00324659 /* AJKSearchPaneController.m */ = {isa = PBXFileReference; fileEncoding = 4; lastKnownFileType = sourcecode.c.objc; name = AJKSearchPaneController.m; path = Core/Classes/AJKSearchPaneController.m; sourceTree = "<group>"; };
		4A653D77135A6D1F00324659 /* AJKSplitView.h */ = {isa = PBXFileReference; fileEncoding = 4; lastKnownFileType = sourcecode.c.h; name = AJKSplitView.h; path = Core/Classes/AJKSplitView.h; sourceTree = "<group>"; };
		4A653D78135A6D1F00324659 /* AJKSplitView.m */ = {isa = PBXFileReference; fileEncoding = 4; lastKnownFileType = sourcecode.c.objc; name = AJKSplitView.m; path = Core/Classes/AJKSplitView.m; sourceTree = "<group>"; };
		4A653D79135A6D1F00324659 /* AJKTabBar.h */ = {isa = PBXFileReference; fileEncoding = 4; lastKnownFileType = sourcecode.c.h; name = AJKTabBar.h; path = Core/Classes/AJKTabBar.h; sourceTree = "<group>"; };
		4A653D7A135A6D1F00324659 /* AJKTabBar.m */ = {isa = PBXFileReference; fileEncoding = 4; lastKnownFileType = sourcecode.c.objc; name = AJKTabBar.m; path = Core/Classes/AJKTabBar.m; sourceTree = "<group>"; };
		4A653D7B135A6D1F00324659 /* AJKTabBarDelegate.h */ = {isa = PBXFileReference; fileEncoding = 4; lastKnownFileType = sourcecode.c.h; name = AJKTabBarDelegate.h; path = Core/Classes/AJKTabBarDelegate.h; sourceTree = "<group>"; };
		4A653D7C135A6D1F00324659 /* AJKTabBarItem.h */ = {isa = PBXFileReference; fileEncoding = 4; lastKnownFileType = sourcecode.c.h; name = AJKTabBarItem.h; path = Core/Classes/AJKTabBarItem.h; sourceTree = "<group>"; };
		4A653D7D135A6D1F00324659 /* AJKTabBarItem.m */ = {isa = PBXFileReference; fileEncoding = 4; lastKnownFileType = sourcecode.c.objc; name = AJKTabBarItem.m; path = Core/Classes/AJKTabBarItem.m; sourceTree = "<group>"; };
		4A653D7E135A6D1F00324659 /* AJKXMLParser.h */ = {isa = PBXFileReference; fileEncoding = 4; lastKnownFileType = sourcecode.c.h; name = AJKXMLParser.h; path = Core/Classes/AJKXMLParser.h; sourceTree = "<group>"; };
		4A653D7F135A6D1F00324659 /* AJKXMLParser.m */ = {isa = PBXFileReference; fileEncoding = 4; lastKnownFileType = sourcecode.c.objc; name = AJKXMLParser.m; path = Core/Classes/AJKXMLParser.m; sourceTree = "<group>"; };
		4A6FEAD0136025EF00C20111 /* AJKViewController.rb */ = {isa = PBXFileReference; fileEncoding = 4; lastKnownFileType = text.script.ruby; name = AJKViewController.rb; path = Core/Ruby/AJKViewController.rb; sourceTree = "<group>"; };
		4A7C4E71134AD19300AD69AB /* Children.pdf */ = {isa = PBXFileReference; lastKnownFileType = image.pdf; name = Children.pdf; path = Design/Children.pdf; sourceTree = "<group>"; };
		4A80A8F11359184F009CEA2D /* AJKSplitViewController.rb */ = {isa = PBXFileReference; fileEncoding = 4; lastKnownFileType = text.script.ruby; name = AJKSplitViewController.rb; path = Core/Ruby/AJKSplitViewController.rb; sourceTree = "<group>"; };
		4A80A8F313591895009CEA2D /* Split View.xib */ = {isa = PBXFileReference; fileEncoding = 4; lastKnownFileType = file.xib; name = "Split View.xib"; path = "Core/Interface/Split View.xib"; sourceTree = "<group>"; };
		4A812DDB135AB4410091477D /* AJKRubyAdditions.rb */ = {isa = PBXFileReference; fileEncoding = 4; lastKnownFileType = text.script.ruby; name = AJKRubyAdditions.rb; path = Core/Ruby/AJKRubyAdditions.rb; sourceTree = "<group>"; };
		4A887E8A1343BC0B00F8C4AA /* AJKReferencePaneController.rb */ = {isa = PBXFileReference; fileEncoding = 4; lastKnownFileType = text.script.ruby; name = AJKReferencePaneController.rb; path = Core/Ruby/AJKReferencePaneController.rb; sourceTree = "<group>"; };
		4A887E911343BD7900F8C4AA /* Reference Pane.xib */ = {isa = PBXFileReference; fileEncoding = 4; lastKnownFileType = file.xib; name = "Reference Pane.xib"; path = "Core/Interface/Reference Pane.xib"; sourceTree = "<group>"; };
		4A8C2413132D656C00F0B475 /* QuartzCore.framework */ = {isa = PBXFileReference; lastKnownFileType = wrapper.framework; name = QuartzCore.framework; path = /System/Library/Frameworks/QuartzCore.framework; sourceTree = "<absolute>"; };
		4A8E2B201348CE4F00DEA898 /* Infinite.pdf */ = {isa = PBXFileReference; lastKnownFileType = image.pdf; name = Infinite.pdf; path = Design/Infinite.pdf; sourceTree = "<group>"; };
		4A940C98135C64CB00727132 /* AJKIndexingWindowController.rb */ = {isa = PBXFileReference; fileEncoding = 4; lastKnownFileType = text.script.ruby; name = AJKIndexingWindowController.rb; path = Core/Ruby/AJKIndexingWindowController.rb; sourceTree = "<group>"; };
		4A951843136CDEFC00DF12F4 /* AJKSegmentedCell.rb */ = {isa = PBXFileReference; fileEncoding = 4; lastKnownFileType = text.script.ruby; name = AJKSegmentedCell.rb; path = Core/Ruby/AJKSegmentedCell.rb; sourceTree = "<group>"; };
		4A99B0F8136C7AAD00D75F74 /* AJKViewController.h */ = {isa = PBXFileReference; fileEncoding = 4; lastKnownFileType = sourcecode.c.h; name = AJKViewController.h; path = Core/Classes/AJKViewController.h; sourceTree = "<group>"; };
		4A99B0F9136C7AAD00D75F74 /* AJKViewController.m */ = {isa = PBXFileReference; fileEncoding = 4; lastKnownFileType = sourcecode.c.objc; name = AJKViewController.m; path = Core/Classes/AJKViewController.m; sourceTree = "<group>"; };
		4AA3A85C132171490055908C /* Search Pane.xib */ = {isa = PBXFileReference; fileEncoding = 4; lastKnownFileType = file.xib; name = "Search Pane.xib"; path = "Core/Interface/Search Pane.xib"; sourceTree = "<group>"; };
		4AA44AE71347576D006BBEB7 /* AJKToolbarViewController.rb */ = {isa = PBXFileReference; fileEncoding = 4; lastKnownFileType = text.script.ruby; name = AJKToolbarViewController.rb; path = Core/Ruby/AJKToolbarViewController.rb; sourceTree = "<group>"; };
		4AA44AE913477400006BBEB7 /* Split View Drag Thumb.pdf */ = {isa = PBXFileReference; lastKnownFileType = image.pdf; name = "Split View Drag Thumb.pdf"; path = "Design/Split View Drag Thumb.pdf"; sourceTree = "<group>"; };
		4AA44AEB13477665006BBEB7 /* Arrow Divider.pdf */ = {isa = PBXFileReference; lastKnownFileType = image.pdf; name = "Arrow Divider.pdf"; path = "Design/Arrow Divider.pdf"; sourceTree = "<group>"; };
		4AA44AEC13477665006BBEB7 /* Favourites.pdf */ = {isa = PBXFileReference; lastKnownFileType = image.pdf; name = Favourites.pdf; path = Design/Favourites.pdf; sourceTree = "<group>"; };
		4AA44AEE13477665006BBEB7 /* History.pdf */ = {isa = PBXFileReference; lastKnownFileType = image.pdf; name = History.pdf; path = Design/History.pdf; sourceTree = "<group>"; };
		4AA44AEF13477665006BBEB7 /* Left Arrow.pdf */ = {isa = PBXFileReference; lastKnownFileType = image.pdf; name = "Left Arrow.pdf"; path = "Design/Left Arrow.pdf"; sourceTree = "<group>"; };
		4AA44AF013477665006BBEB7 /* References Divider.pdf */ = {isa = PBXFileReference; lastKnownFileType = image.pdf; name = "References Divider.pdf"; path = "Design/References Divider.pdf"; sourceTree = "<group>"; };
		4AA44AF113477665006BBEB7 /* Right Arrow.pdf */ = {isa = PBXFileReference; lastKnownFileType = image.pdf; name = "Right Arrow.pdf"; path = "Design/Right Arrow.pdf"; sourceTree = "<group>"; };
		4AA44AF213477665006BBEB7 /* Search.pdf */ = {isa = PBXFileReference; lastKnownFileType = image.pdf; name = Search.pdf; path = Design/Search.pdf; sourceTree = "<group>"; };
		4AA88F5E136F1C8F00992E63 /* NSURL+Quarantine.h */ = {isa = PBXFileReference; fileEncoding = 4; lastKnownFileType = sourcecode.c.h; name = "NSURL+Quarantine.h"; path = "Core/Categories/NSURL+Quarantine.h"; sourceTree = "<group>"; };
		4AA88F5F136F1C8F00992E63 /* NSURL+Quarantine.m */ = {isa = PBXFileReference; fileEncoding = 4; lastKnownFileType = sourcecode.c.objc; name = "NSURL+Quarantine.m"; path = "Core/Categories/NSURL+Quarantine.m"; sourceTree = "<group>"; };
		4AA88F61136F1CE900992E63 /* CoreServices.framework */ = {isa = PBXFileReference; lastKnownFileType = wrapper.framework; name = CoreServices.framework; path = ../../../../../../System/Library/Frameworks/CoreServices.framework; sourceTree = "<group>"; };
		4AAF8BAF135AD6AC001402D1 /* Indexing Window.xib */ = {isa = PBXFileReference; fileEncoding = 4; lastKnownFileType = file.xib; name = "Indexing Window.xib"; path = "Core/Interface/Indexing Window.xib"; sourceTree = "<group>"; };
		4AB984AC1346D78600743E90 /* AJKSearchPaneController.rb */ = {isa = PBXFileReference; fileEncoding = 4; lastKnownFileType = text.script.ruby; name = AJKSearchPaneController.rb; path = Core/Ruby/AJKSearchPaneController.rb; sourceTree = "<group>"; };
		4ACEBC35131ED46C009D1036 /* libxml2.dylib */ = {isa = PBXFileReference; lastKnownFileType = "compiled.mach-o.dylib"; name = libxml2.dylib; path = usr/lib/libxml2.dylib; sourceTree = SDKROOT; };
		4AD45A6E134AD43C008F5C11 /* Filtered.pdf */ = {isa = PBXFileReference; lastKnownFileType = image.pdf; name = Filtered.pdf; path = Design/Filtered.pdf; sourceTree = "<group>"; };
		4AD45A70134AD61C008F5C11 /* Limited.pdf */ = {isa = PBXFileReference; lastKnownFileType = image.pdf; name = Limited.pdf; path = Design/Limited.pdf; sourceTree = "<group>"; };
		4AD973D21369C613003CB54B /* Browser Identifiers.plist */ = {isa = PBXFileReference; fileEncoding = 4; lastKnownFileType = text.plist; name = "Browser Identifiers.plist"; path = "Core/Resources/Browser Identifiers.plist"; sourceTree = "<group>"; };
		4AD973E5136C73C6003CB54B /* Toolbar View.xib */ = {isa = PBXFileReference; fileEncoding = 4; lastKnownFileType = file.xib; name = "Toolbar View.xib"; path = "Core/Interface/Toolbar View.xib"; sourceTree = "<group>"; };
		4AD9ACC31355FA8F0035700B /* Documentation Popup Arrow.pdf */ = {isa = PBXFileReference; lastKnownFileType = image.pdf; name = "Documentation Popup Arrow.pdf"; path = "Design/Documentation Popup Arrow.pdf"; sourceTree = "<group>"; };
		4AF3156D133CEFD7004503A5 /* entitlements.plist */ = {isa = PBXFileReference; lastKnownFileType = text.plist.xml; name = entitlements.plist; path = Core/Environment/entitlements.plist; sourceTree = "<group>"; };
		4DE3BE130D8651D900ECA448 /* MacRuby.framework */ = {isa = PBXFileReference; lastKnownFileType = wrapper.framework; name = MacRuby.framework; path = /Library/Frameworks/MacRuby.framework; sourceTree = "<absolute>"; };
/* End PBXFileReference section */

/* Begin PBXFrameworksBuildPhase section */
		8D11072E0486CEB800E47090 /* Frameworks */ = {
			isa = PBXFrameworksBuildPhase;
			buildActionMask = 2147483647;
			files = (
				4ACEBC36131ED46C009D1036 /* libxml2.dylib in Frameworks */,
				8D11072F0486CEB800E47090 /* Cocoa.framework in Frameworks */,
				4DE3BE140D8651D900ECA448 /* MacRuby.framework in Frameworks */,
				4A1357E1131D5A4900C3A04F /* WebKit.framework in Frameworks */,
				4A8C2414132D656C00F0B475 /* QuartzCore.framework in Frameworks */,
				4A258910135A3222000D72B6 /* AddressBook.framework in Frameworks */,
				4A258915135A330C000D72B6 /* libicucore.dylib in Frameworks */,
				4AA88F62136F1CE900992E63 /* CoreServices.framework in Frameworks */,
			);
			runOnlyForDeploymentPostprocessing = 0;
		};
/* End PBXFrameworksBuildPhase section */

/* Begin PBXGroup section */
		080E96DDFE201D6D7F000001 /* Core */ = {
			isa = PBXGroup;
			children = (
				4A1357A2131D4DFE00C3A04F /* AJKApplicationController.rb */,
				4A06076E1356F8520050736E /* AJKDocumentController.rb */,
				4A491C071359AACF00436C3F /* AJKReferencesDocument.rb */,
				4A812DDB135AB4410091477D /* AJKRubyAdditions.rb */,
				4A3611571323BFAA002E2150 /* Interface */,
				4ACEBC1F131E4D01009D1036 /* Data Model */,
				4A9989C9135A0FA600A91A54 /* Categories */,
				4A653D74135A6CFE00324659 /* Classes */,
			);
			name = Core;
			sourceTree = "<group>";
		};
		29B97314FDCFA39411CA2CEA /* Ref */ = {
			isa = PBXGroup;
			children = (
				080E96DDFE201D6D7F000001 /* Core */,
				29B97315FDCFA39411CA2CEA /* Environment */,
				29B97317FDCFA39411CA2CEA /* Resources */,
				4ACEBC28131ECD2E009D1036 /* Sources */,
				29B97323FDCFA39411CA2CEA /* Frameworks & Libraries */,
				4A4638C4131D4AEF00E525C2 /* Products */,
			);
			name = Ref;
			sourceTree = "<group>";
		};
		29B97315FDCFA39411CA2CEA /* Environment */ = {
			isa = PBXGroup;
			children = (
				4A4638B1131D49DB00E525C2 /* Info.plist */,
				4A4638A3131D49B800E525C2 /* rb_main.rb */,
				4A4638A5131D49BD00E525C2 /* main.m */,
				4A135B88131D5D2000C3A04F /* AJKPrefix.pch */,
				4AF3156D133CEFD7004503A5 /* entitlements.plist */,
			);
			name = Environment;
			sourceTree = "<group>";
		};
		29B97317FDCFA39411CA2CEA /* Resources */ = {
			isa = PBXGroup;
			children = (
				4A0BE0F31321DC7000B86178 /* Placeholder.html */,
				4AD973D21369C613003CB54B /* Browser Identifiers.plist */,
			);
			name = Resources;
			sourceTree = "<group>";
		};
		29B97323FDCFA39411CA2CEA /* Frameworks & Libraries */ = {
			isa = PBXGroup;
			children = (
				4DE3BE130D8651D900ECA448 /* MacRuby.framework */,
				1058C7A1FEA54F0111CA2CBB /* Cocoa.framework */,
				4A1357E0131D5A4900C3A04F /* WebKit.framework */,
				4A8C2413132D656C00F0B475 /* QuartzCore.framework */,
				4A25890F135A3222000D72B6 /* AddressBook.framework */,
				4AA88F61136F1CE900992E63 /* CoreServices.framework */,
				4A258914135A330C000D72B6 /* libicucore.dylib */,
				4ACEBC35131ED46C009D1036 /* libxml2.dylib */,
			);
			name = "Frameworks & Libraries";
			sourceTree = "<group>";
		};
		4A2F1179131FE2770029B4B8 /* Managed Object Classes */ = {
			isa = PBXGroup;
			children = (
				4A2F117C131FF5C40029B4B8 /* _AJKDocumentationElement.h */,
				4A2F117D131FF5C40029B4B8 /* _AJKDocumentationElement.m */,
				4A2F1182131FF5C40029B4B8 /* AJKDocumentationElement.h */,
				4A2F1183131FF5C40029B4B8 /* AJKDocumentationElement.m */,
				4A2F117E131FF5C40029B4B8 /* _AJKDocumentationSet.h */,
				4A2F117F131FF5C40029B4B8 /* _AJKDocumentationSet.m */,
				4A2F1184131FF5C40029B4B8 /* AJKDocumentationSet.h */,
				4A2F1185131FF5C40029B4B8 /* AJKDocumentationSet.m */,
			);
			name = "Managed Object Classes";
			sourceTree = "<group>";
		};
		4A3611571323BFAA002E2150 /* Interface */ = {
			isa = PBXGroup;
			children = (
				4A2F11E113213AF60029B4B8 /* AJKDocumentationWindowController.rb */,
				4A80A8F11359184F009CEA2D /* AJKSplitViewController.rb */,
				4AB984AC1346D78600743E90 /* AJKSearchPaneController.rb */,
				4A887E8A1343BC0B00F8C4AA /* AJKReferencePaneController.rb */,
				4A940C98135C64CB00727132 /* AJKIndexingWindowController.rb */,
				4AA44AE71347576D006BBEB7 /* AJKToolbarViewController.rb */,
				4A6FEAD0136025EF00C20111 /* AJKViewController.rb */,
				4A951843136CDEFC00DF12F4 /* AJKSegmentedCell.rb */,
				4A4638C1131D4AEF00E525C2 /* Main Menu.xib */,
				4A4638CD131D4B5100E525C2 /* Document Window.xib */,
				4AD973E5136C73C6003CB54B /* Toolbar View.xib */,
				4AAF8BAF135AD6AC001402D1 /* Indexing Window.xib */,
				4AA3A85C132171490055908C /* Search Pane.xib */,
				4A887E911343BD7900F8C4AA /* Reference Pane.xib */,
				4A80A8F313591895009CEA2D /* Split View.xib */,
				4A7423B11346F8B8007DB14E /* Images */,
			);
			name = Interface;
			sourceTree = "<group>";
		};
		4A4638C4131D4AEF00E525C2 /* Products */ = {
			isa = PBXGroup;
			children = (
				4A4638C3131D4AEF00E525C2 /* Quartzite.app */,
			);
			name = Products;
			sourceTree = "<group>";
		};
		4A5F996E15E19F6300D626ED /* hpple */ = {
			isa = PBXGroup;
			children = (
				4A5F996F15E19F7800D626ED /* TFHpple.h */,
				4A5F997015E19F7800D626ED /* TFHpple.m */,
				4A5F997115E19F7800D626ED /* TFHppleElement.h */,
				4A5F997215E19F7800D626ED /* TFHppleElement.m */,
				4A5F997315E19F7800D626ED /* XPathQuery.h */,
				4A5F997415E19F7800D626ED /* XPathQuery.m */,
			);
			name = hpple;
			path = Sources/AJKFoundation;
			sourceTree = "<group>";
		};
		4A653D74135A6CFE00324659 /* Classes */ = {
			isa = PBXGroup;
			children = (
				4A99B0F8136C7AAD00D75F74 /* AJKViewController.h */,
				4A99B0F9136C7AAD00D75F74 /* AJKViewController.m */,
				4A653D75135A6D1F00324659 /* AJKSearchPaneController.h */,
				4A653D76135A6D1F00324659 /* AJKSearchPaneController.m */,
				4A653D77135A6D1F00324659 /* AJKSplitView.h */,
				4A653D78135A6D1F00324659 /* AJKSplitView.m */,
				4A653D79135A6D1F00324659 /* AJKTabBar.h */,
				4A653D7A135A6D1F00324659 /* AJKTabBar.m */,
				4A653D7B135A6D1F00324659 /* AJKTabBarDelegate.h */,
				4A653D7C135A6D1F00324659 /* AJKTabBarItem.h */,
				4A653D7D135A6D1F00324659 /* AJKTabBarItem.m */,
				4A653D7E135A6D1F00324659 /* AJKXMLParser.h */,
				4A653D7F135A6D1F00324659 /* AJKXMLParser.m */,
			);
			name = Classes;
			sourceTree = "<group>";
		};
		4A7423B11346F8B8007DB14E /* Images */ = {
			isa = PBXGroup;
			children = (
				4AA44AE913477400006BBEB7 /* Split View Drag Thumb.pdf */,
				4AA44AEB13477665006BBEB7 /* Arrow Divider.pdf */,
				4AA44AEC13477665006BBEB7 /* Favourites.pdf */,
				4AA44AEE13477665006BBEB7 /* History.pdf */,
				4AA44AEF13477665006BBEB7 /* Left Arrow.pdf */,
				4A7C4E71134AD19300AD69AB /* Children.pdf */,
				4AA44AF013477665006BBEB7 /* References Divider.pdf */,
				4AA44AF113477665006BBEB7 /* Right Arrow.pdf */,
				4AA44AF213477665006BBEB7 /* Search.pdf */,
				4A8E2B201348CE4F00DEA898 /* Infinite.pdf */,
				4AD45A6E134AD43C008F5C11 /* Filtered.pdf */,
				4AD45A70134AD61C008F5C11 /* Limited.pdf */,
				4A404213134BB73D00B8D015 /* Detail Mode.pdf */,
				4AD9ACC31355FA8F0035700B /* Documentation Popup Arrow.pdf */,
			);
			name = Images;
			sourceTree = "<group>";
		};
		4A9987C8135A0CDE00A91A54 /* AJKFoundation */ = {
			isa = PBXGroup;
			children = (
				4A15592015E16AAC004006B9 /* AJKBackgroundView.h */,
				4A15592115E16AAC004006B9 /* AJKBackgroundView.m */,
				4A15591415E169D1004006B9 /* AJKBlockFunctions.h */,
				4A15591515E169D1004006B9 /* AJKBlockFunctions.m */,
				4A29FE0115E1703C008B916E /* NSArray+UntestedIndex.h */,
				4A29FE0215E1703C008B916E /* NSArray+UntestedIndex.m */,
				4A15592315E16ABD004006B9 /* NSColor+CGColor.h */,
				4A15592415E16ABD004006B9 /* NSColor+CGColor.m */,
				4A29FDFE15E16F4A008B916E /* NSFileManager+CommonFolders.h */,
				4A29FDFF15E16F4A008B916E /* NSFileManager+CommonFolders.m */,
				4A15591A15E169EC004006B9 /* NSObject+PerformSelectorAdditions.h */,
				4A15591B15E169EC004006B9 /* NSObject+PerformSelectorAdditions.m */,
				4A5F997B15E1A18B00D626ED /* NSString+ScoreForAbbreviation.h */,
				4A5F997C15E1A18B00D626ED /* NSString+ScoreForAbbreviation.m */,
				4A5F996A15E19E7600D626ED /* NSURL+Equivalent.h */,
				4A5F996B15E19E7600D626ED /* NSURL+Equivalent.m */,
				4A15591615E169D1004006B9 /* qLog.h */,
				4A15591715E169D1004006B9 /* qLog.m */,
				4A15591D15E16A4F004006B9 /* RegexKitLite.h */,
				4A15591E15E16A4F004006B9 /* RegexKitLite.m */,
				4A15592615E16ACF004006B9 /* XSViewController.h */,
				4A15592715E16ACF004006B9 /* XSViewController.m */,
				4A15592815E16ACF004006B9 /* XSWindowController.h */,
				4A15592915E16ACF004006B9 /* XSWindowController.m */,
			);
			name = AJKFoundation;
			path = Sources/AJKFoundation;
			sourceTree = "<group>";
		};
		4A9989C9135A0FA600A91A54 /* Categories */ = {
			isa = PBXGroup;
			children = (
				4A2588D1135A2E74000D72B6 /* NSApplication+SystemVersion.h */,
				4A2588D2135A2E74000D72B6 /* NSApplication+SystemVersion.m */,
				4A2588D3135A2E74000D72B6 /* NSArray+ElementsSortedByAbbreviation.h */,
				4A2588D4135A2E74000D72B6 /* NSArray+ElementsSortedByAbbreviation.m */,
				4A2588D5135A2E74000D72B6 /* NSEvent+TestForModifiers.h */,
				4A2588D6135A2E74000D72B6 /* NSEvent+TestForModifiers.m */,
				4A2588D7135A2E74000D72B6 /* NSString+LocalizedString.h */,
				4A2588D8135A2E74000D72B6 /* NSString+LocalizedString.m */,
				4A2588D9135A2E74000D72B6 /* NSWorkspace+ApplicationURLsforURL.h */,
				4A2588DA135A2E74000D72B6 /* NSWorkspace+ApplicationURLsforURL.m */,
				4AA88F5E136F1C8F00992E63 /* NSURL+Quarantine.h */,
				4AA88F5F136F1C8F00992E63 /* NSURL+Quarantine.m */,
				4A5F997815E1A0C700D626ED /* TFHpple+Search.h */,
				4A5F997915E1A0C700D626ED /* TFHpple+Search.m */,
			);
			name = Categories;
			sourceTree = "<group>";
		};
		4ACEBC1F131E4D01009D1036 /* Data Model */ = {
			isa = PBXGroup;
			children = (
				4A135C0C131D6F3900C3A04F /* AJKDocumentationStore.rb */,
				4A36114E1322DAD1002E2150 /* AJKDocumentationIndexingOperation.rb */,
				4A36114F1322DAD1002E2150 /* AJKEntityAccess.rb */,
				4A2F115B131FD78E0029B4B8 /* Documentation Store Model.xcdatamodeld */,
				4A2F1179131FE2770029B4B8 /* Managed Object Classes */,
			);
			name = "Data Model";
			sourceTree = "<group>";
		};
		4ACEBC28131ECD2E009D1036 /* Sources */ = {
			isa = PBXGroup;
			children = (
				4A9987C8135A0CDE00A91A54 /* AJKFoundation */,
				4A5F996E15E19F6300D626ED /* hpple */,
			);
			name = Sources;
			sourceTree = "<group>";
		};
/* End PBXGroup section */

/* Begin PBXNativeTarget section */
		8D1107260486CEB800E47090 /* Quartzite */ = {
			isa = PBXNativeTarget;
			buildConfigurationList = C01FCF4A08A954540054247B /* Build configuration list for PBXNativeTarget "Quartzite" */;
			buildPhases = (
				8D11072C0486CEB800E47090 /* Sources */,
				8D11072E0486CEB800E47090 /* Frameworks */,
				8D1107290486CEB800E47090 /* Resources */,
				4ACEBC0B131DAD75009D1036 /* Copy Frameworks */,
			);
			buildRules = (
			);
			dependencies = (
			);
			name = Quartzite;
			productInstallPath = "$(HOME)/Applications";
			productName = Ref;
			productReference = 4A4638C3131D4AEF00E525C2 /* Quartzite.app */;
			productType = "com.apple.product-type.application";
		};
/* End PBXNativeTarget section */

/* Begin PBXProject section */
		29B97313FDCFA39411CA2CEA /* Project object */ = {
			isa = PBXProject;
			attributes = {
				LastUpgradeCheck = 0450;
			};
			buildConfigurationList = C01FCF4E08A954540054247B /* Build configuration list for PBXProject "Quartzite" */;
			compatibilityVersion = "Xcode 3.2";
			developmentRegion = English;
			hasScannedForEncodings = 1;
			knownRegions = (
				English,
				Japanese,
				French,
				German,
			);
			mainGroup = 29B97314FDCFA39411CA2CEA /* Ref */;
			productRefGroup = 4A4638C4131D4AEF00E525C2 /* Products */;
			projectDirPath = "";
			projectRoot = "";
			targets = (
				8D1107260486CEB800E47090 /* Quartzite */,
				172754BD107597F200D0347B /* Unit Tests */,
				4D1A51A110A4FF5D0046A98A /* Compile */,
				4D1A51A510A4FF640046A98A /* Embed */,
			);
		};
/* End PBXProject section */

/* Begin PBXResourcesBuildPhase section */
		8D1107290486CEB800E47090 /* Resources */ = {
			isa = PBXResourcesBuildPhase;
			buildActionMask = 2147483647;
			files = (
				4A4638A4131D49B800E525C2 /* rb_main.rb in Resources */,
				4A4638C2131D4AEF00E525C2 /* Main Menu.xib in Resources */,
				4A4638CE131D4B5100E525C2 /* Document Window.xib in Resources */,
				4A1357A4131D4DFE00C3A04F /* AJKApplicationController.rb in Resources */,
				4A135C0D131D6F3900C3A04F /* AJKDocumentationStore.rb in Resources */,
				4A2F11E213213AF60029B4B8 /* AJKDocumentationWindowController.rb in Resources */,
				4AA3A85D132171490055908C /* Search Pane.xib in Resources */,
				4A0BE0F41321DC7000B86178 /* Placeholder.html in Resources */,
				4A3611501322DAD1002E2150 /* AJKDocumentationIndexingOperation.rb in Resources */,
				4A3611511322DAD1002E2150 /* AJKEntityAccess.rb in Resources */,
				4A887E8C1343BC0B00F8C4AA /* AJKReferencePaneController.rb in Resources */,
				4A887E921343BD7900F8C4AA /* Reference Pane.xib in Resources */,
				4AB984AD1346D78600743E90 /* AJKSearchPaneController.rb in Resources */,
				4AA44AE81347576D006BBEB7 /* AJKToolbarViewController.rb in Resources */,
				4AA44AEA13477400006BBEB7 /* Split View Drag Thumb.pdf in Resources */,
				4AA44AF313477665006BBEB7 /* Arrow Divider.pdf in Resources */,
				4AA44AF413477665006BBEB7 /* Favourites.pdf in Resources */,
				4AA44AF613477665006BBEB7 /* History.pdf in Resources */,
				4AA44AF713477665006BBEB7 /* Left Arrow.pdf in Resources */,
				4AA44AF813477665006BBEB7 /* References Divider.pdf in Resources */,
				4AA44AF913477665006BBEB7 /* Right Arrow.pdf in Resources */,
				4AA44AFA13477665006BBEB7 /* Search.pdf in Resources */,
				4A8E2B211348CE4F00DEA898 /* Infinite.pdf in Resources */,
				4A7C4E72134AD19300AD69AB /* Children.pdf in Resources */,
				4AD45A6F134AD43C008F5C11 /* Filtered.pdf in Resources */,
				4AD45A71134AD61C008F5C11 /* Limited.pdf in Resources */,
				4A404214134BB73D00B8D015 /* Detail Mode.pdf in Resources */,
				4AD9ACC41355FA8F0035700B /* Documentation Popup Arrow.pdf in Resources */,
				4A06076F1356F8520050736E /* AJKDocumentController.rb in Resources */,
				4A80A8F21359184F009CEA2D /* AJKSplitViewController.rb in Resources */,
				4A80A8F413591895009CEA2D /* Split View.xib in Resources */,
				4A491C081359AACF00436C3F /* AJKReferencesDocument.rb in Resources */,
				4A812DDC135AB4410091477D /* AJKRubyAdditions.rb in Resources */,
				4AAF8BB0135AD6AC001402D1 /* Indexing Window.xib in Resources */,
				4A940C99135C64CB00727132 /* AJKIndexingWindowController.rb in Resources */,
				4A6FEAD1136025EF00C20111 /* AJKViewController.rb in Resources */,
				4AD973D31369C613003CB54B /* Browser Identifiers.plist in Resources */,
				4AD973E6136C73C6003CB54B /* Toolbar View.xib in Resources */,
				4A951844136CDEFC00DF12F4 /* AJKSegmentedCell.rb in Resources */,
			);
			runOnlyForDeploymentPostprocessing = 0;
		};
/* End PBXResourcesBuildPhase section */

/* Begin PBXShellScriptBuildPhase section */
		172754BC107597F200D0347B /* ShellScript */ = {
			isa = PBXShellScriptBuildPhase;
			buildActionMask = 2147483647;
			files = (
			);
			inputPaths = (
			);
			outputPaths = (
			);
			runOnlyForDeploymentPostprocessing = 0;
			shellPath = /bin/sh;
			shellScript = "/usr/local/bin/macruby Tests/run_suite.rb";
		};
		4D1A51A010A4FF5D0046A98A /* ShellScript */ = {
			isa = PBXShellScriptBuildPhase;
			buildActionMask = 2147483647;
			files = (
			);
			inputPaths = (
			);
			outputPaths = (
			);
			runOnlyForDeploymentPostprocessing = 0;
			shellPath = /bin/sh;
			shellScript = "# The macruby_deploy command-line tool with the --compile argument will compile every Ruby source file of your .app into machine code. Default options will be used. Pass the -h option to get more information.\nPATH=\"$PATH:/usr/local/bin\" macruby_deploy --compile \"$TARGET_BUILD_DIR/$PROJECT_NAME.app\"";
		};
		4D1A51A410A4FF640046A98A /* ShellScript */ = {
			isa = PBXShellScriptBuildPhase;
			buildActionMask = 2147483647;
			files = (
			);
			inputPaths = (
			);
			outputPaths = (
			);
			runOnlyForDeploymentPostprocessing = 0;
			shellPath = /bin/sh;
			shellScript = "# The macruby_deploy command-line tool with the --embed argument will make sure the MacRuby framework will be embedded in your .app. Default options will be used. Pass the -h option to get more information.\nPATH=\"$PATH:/usr/local/bin\" macruby_deploy --embed \"$TARGET_BUILD_DIR/$PROJECT_NAME.app\"";
		};
/* End PBXShellScriptBuildPhase section */

/* Begin PBXSourcesBuildPhase section */
		8D11072C0486CEB800E47090 /* Sources */ = {
			isa = PBXSourcesBuildPhase;
			buildActionMask = 2147483647;
			files = (
				4A4638A6131D49BD00E525C2 /* main.m in Sources */,
				4A2F115D131FD78E0029B4B8 /* Documentation Store Model.xcdatamodeld in Sources */,
				4A2F1187131FF5C40029B4B8 /* _AJKDocumentationElement.m in Sources */,
				4A2F1188131FF5C40029B4B8 /* _AJKDocumentationSet.m in Sources */,
				4A2F118A131FF5C40029B4B8 /* AJKDocumentationElement.m in Sources */,
				4A2F118B131FF5C40029B4B8 /* AJKDocumentationSet.m in Sources */,
				4A2588DB135A2E74000D72B6 /* NSApplication+SystemVersion.m in Sources */,
				4A2588DC135A2E74000D72B6 /* NSArray+ElementsSortedByAbbreviation.m in Sources */,
				4A2588DD135A2E74000D72B6 /* NSEvent+TestForModifiers.m in Sources */,
				4A2588DE135A2E74000D72B6 /* NSString+LocalizedString.m in Sources */,
				4A2588DF135A2E74000D72B6 /* NSWorkspace+ApplicationURLsforURL.m in Sources */,
				4A653D80135A6D1F00324659 /* AJKSearchPaneController.m in Sources */,
				4A653D81135A6D1F00324659 /* AJKSplitView.m in Sources */,
				4A653D82135A6D1F00324659 /* AJKTabBar.m in Sources */,
				4A653D83135A6D1F00324659 /* AJKTabBarItem.m in Sources */,
				4A653D84135A6D1F00324659 /* AJKXMLParser.m in Sources */,
				4A99B0FA136C7AAD00D75F74 /* AJKViewController.m in Sources */,
				4AA88F60136F1C8F00992E63 /* NSURL+Quarantine.m in Sources */,
				4A15591815E169D1004006B9 /* AJKBlockFunctions.m in Sources */,
				4A15591915E169D1004006B9 /* qLog.m in Sources */,
				4A15591C15E169EC004006B9 /* NSObject+PerformSelectorAdditions.m in Sources */,
				4A15591F15E16A4F004006B9 /* RegexKitLite.m in Sources */,
				4A15592215E16AAC004006B9 /* AJKBackgroundView.m in Sources */,
				4A15592515E16ABD004006B9 /* NSColor+CGColor.m in Sources */,
				4A15592A15E16ACF004006B9 /* XSViewController.m in Sources */,
				4A15592B15E16ACF004006B9 /* XSWindowController.m in Sources */,
				4A29FE0015E16F4A008B916E /* NSFileManager+CommonFolders.m in Sources */,
				4A29FE0315E1703C008B916E /* NSArray+UntestedIndex.m in Sources */,
				4A5F996C15E19E7600D626ED /* NSURL+Equivalent.m in Sources */,
				4A5F997515E19F7800D626ED /* TFHpple.m in Sources */,
				4A5F997615E19F7800D626ED /* TFHppleElement.m in Sources */,
				4A5F997715E19F7800D626ED /* XPathQuery.m in Sources */,
				4A5F997A15E1A0C700D626ED /* TFHpple+Search.m in Sources */,
			);
			runOnlyForDeploymentPostprocessing = 0;
		};
/* End PBXSourcesBuildPhase section */

/* Begin XCBuildConfiguration section */
		172754BE107597F200D0347B /* Debug */ = {
			isa = XCBuildConfiguration;
			buildSettings = {
				COMBINE_HIDPI_IMAGES = YES;
				COPY_PHASE_STRIP = NO;
				GCC_DYNAMIC_NO_PIC = NO;
				GCC_OPTIMIZATION_LEVEL = 0;
				PRODUCT_NAME = "Unit Tests";
			};
			name = Debug;
		};
		172754BF107597F200D0347B /* Release */ = {
			isa = XCBuildConfiguration;
			buildSettings = {
				COMBINE_HIDPI_IMAGES = YES;
				COPY_PHASE_STRIP = YES;
				DEBUG_INFORMATION_FORMAT = "dwarf-with-dsym";
				PRODUCT_NAME = "Unit Tests";
				ZERO_LINK = NO;
			};
			name = Release;
		};
		4D1A51A210A4FF5D0046A98A /* Debug */ = {
			isa = XCBuildConfiguration;
			buildSettings = {
				COMBINE_HIDPI_IMAGES = YES;
				COPY_PHASE_STRIP = NO;
				GCC_DYNAMIC_NO_PIC = NO;
				GCC_OPTIMIZATION_LEVEL = 0;
				PRODUCT_NAME = Compile;
			};
			name = Debug;
		};
		4D1A51A310A4FF5D0046A98A /* Release */ = {
			isa = XCBuildConfiguration;
			buildSettings = {
				COMBINE_HIDPI_IMAGES = YES;
				COPY_PHASE_STRIP = YES;
				DEBUG_INFORMATION_FORMAT = "dwarf-with-dsym";
				PRODUCT_NAME = Compile;
				ZERO_LINK = NO;
			};
			name = Release;
		};
		4D1A51A610A4FF640046A98A /* Debug */ = {
			isa = XCBuildConfiguration;
			buildSettings = {
				COMBINE_HIDPI_IMAGES = YES;
				COPY_PHASE_STRIP = NO;
				GCC_DYNAMIC_NO_PIC = NO;
				GCC_OPTIMIZATION_LEVEL = 0;
				PRODUCT_NAME = Embed;
			};
			name = Debug;
		};
		4D1A51A710A4FF640046A98A /* Release */ = {
			isa = XCBuildConfiguration;
			buildSettings = {
				COMBINE_HIDPI_IMAGES = YES;
				COPY_PHASE_STRIP = YES;
				DEBUG_INFORMATION_FORMAT = "dwarf-with-dsym";
				PRODUCT_NAME = Embed;
				ZERO_LINK = NO;
			};
			name = Release;
		};
		C01FCF4B08A954540054247B /* Debug */ = {
			isa = XCBuildConfiguration;
			buildSettings = {
				CODE_SIGN_ENTITLEMENTS = Core/Environment/Entitlements.plist;
				COMBINE_HIDPI_IMAGES = YES;
				COPY_PHASE_STRIP = NO;
				FRAMEWORK_SEARCH_PATHS = "$(inherited)";
				GCC_DYNAMIC_NO_PIC = NO;
				GCC_MODEL_TUNING = G5;
				GCC_OPTIMIZATION_LEVEL = 0;
				GCC_PRECOMPILE_PREFIX_HEADER = YES;
				GCC_PREFIX_HEADER = Core/Environment/AJKPrefix.pch;
				HEADER_SEARCH_PATHS = "\"${SDKROOT}/usr/include/libxml2/\"";
				INFOPLIST_FILE = Core/Environment/Info.plist;
				INSTALL_PATH = "$(HOME)/Applications";
				LIBRARY_SEARCH_PATHS = "$(inherited)";
				MACOSX_DEPLOYMENT_TARGET = "";
				ONLY_ACTIVE_ARCH = YES;
				OTHER_CFLAGS = (
					"\"-Xclang -fobjc-nonfragile-abi2\"",
				);
				PRODUCT_NAME = Quartzite;
				SDKROOT = "";
				SYMROOT = Build;
				VALID_ARCHS = x86_64;
				WRAPPER_EXTENSION = app;
				ZERO_LINK = YES;
			};
			name = Debug;
		};
		C01FCF4C08A954540054247B /* Release */ = {
			isa = XCBuildConfiguration;
			buildSettings = {
				CODE_SIGN_ENTITLEMENTS = Core/Environment/Entitlements.plist;
				CODE_SIGN_IDENTITY = "3rd Party Mac Developer Application: Harry Jordan";
				COMBINE_HIDPI_IMAGES = YES;
				DEBUG_INFORMATION_FORMAT = "dwarf-with-dsym";
				FRAMEWORK_SEARCH_PATHS = "$(inherited)";
				GCC_MODEL_TUNING = G5;
				GCC_PRECOMPILE_PREFIX_HEADER = YES;
				GCC_PREFIX_HEADER = Core/Environment/AJKPrefix.pch;
				HEADER_SEARCH_PATHS = "\"${SDKROOT}/usr/include/libxml2/\"";
				INFOPLIST_FILE = Core/Environment/Info.plist;
				INSTALL_PATH = "$(HOME)/Applications";
				LIBRARY_SEARCH_PATHS = "$(inherited)";
				MACOSX_DEPLOYMENT_TARGET = "";
				OTHER_CFLAGS = (
					"\"-Xclang -fobjc-nonfragile-abi2\"",
				);
				PRODUCT_NAME = Quartzite;
				SDKROOT = "";
				SYMROOT = Build;
				VALID_ARCHS = x86_64;
				WRAPPER_EXTENSION = app;
			};
			name = Release;
		};
		C01FCF4F08A954540054247B /* Debug */ = {
			isa = XCBuildConfiguration;
			buildSettings = {
				ARCHS = "$(ARCHS_STANDARD_64_BIT)";
				GCC_ENABLE_OBJC_GC = required;
				GCC_VERSION = com.apple.compilers.llvm.clang.1_0;
				GCC_WARN_ABOUT_RETURN_TYPE = YES;
				GCC_WARN_UNUSED_VARIABLE = YES;
				OTHER_CFLAGS = (
					"\"-Xclang -fobjc-nonfragile-abi2\"",
				);
				SDKROOT = "";
				SYMROOT = Build;
			};
			name = Debug;
		};
		C01FCF5008A954540054247B /* Release */ = {
			isa = XCBuildConfiguration;
			buildSettings = {
				ARCHS = "$(ARCHS_STANDARD_64_BIT)";
				GCC_ENABLE_OBJC_GC = required;
				GCC_VERSION = com.apple.compilers.llvm.clang.1_0;
				GCC_WARN_ABOUT_RETURN_TYPE = YES;
				GCC_WARN_UNUSED_VARIABLE = YES;
				OTHER_CFLAGS = (
					"\"-Xclang -fobjc-nonfragile-abi2\"",
				);
				SDKROOT = "";
				SYMROOT = Build;
			};
			name = Release;
		};
/* End XCBuildConfiguration section */

/* Begin XCConfigurationList section */
		172754C7107597F400D0347B /* Build configuration list for PBXAggregateTarget "Unit Tests" */ = {
			isa = XCConfigurationList;
			buildConfigurations = (
				172754BE107597F200D0347B /* Debug */,
				172754BF107597F200D0347B /* Release */,
			);
			defaultConfigurationIsVisible = 0;
			defaultConfigurationName = Release;
		};
		4D1A51AB10A4FF6A0046A98A /* Build configuration list for PBXAggregateTarget "Compile" */ = {
			isa = XCConfigurationList;
			buildConfigurations = (
				4D1A51A210A4FF5D0046A98A /* Debug */,
				4D1A51A310A4FF5D0046A98A /* Release */,
			);
			defaultConfigurationIsVisible = 0;
			defaultConfigurationName = Release;
		};
		4D1A51AC10A4FF6A0046A98A /* Build configuration list for PBXAggregateTarget "Embed" */ = {
			isa = XCConfigurationList;
			buildConfigurations = (
				4D1A51A610A4FF640046A98A /* Debug */,
				4D1A51A710A4FF640046A98A /* Release */,
			);
			defaultConfigurationIsVisible = 0;
			defaultConfigurationName = Release;
		};
		C01FCF4A08A954540054247B /* Build configuration list for PBXNativeTarget "Quartzite" */ = {
			isa = XCConfigurationList;
			buildConfigurations = (
				C01FCF4B08A954540054247B /* Debug */,
				C01FCF4C08A954540054247B /* Release */,
			);
			defaultConfigurationIsVisible = 0;
			defaultConfigurationName = Release;
		};
		C01FCF4E08A954540054247B /* Build configuration list for PBXProject "Quartzite" */ = {
			isa = XCConfigurationList;
			buildConfigurations = (
				C01FCF4F08A954540054247B /* Debug */,
				C01FCF5008A954540054247B /* Release */,
			);
			defaultConfigurationIsVisible = 0;
			defaultConfigurationName = Release;
		};
/* End XCConfigurationList section */

/* Begin XCVersionGroup section */
		4A2F115B131FD78E0029B4B8 /* Documentation Store Model.xcdatamodeld */ = {
			isa = XCVersionGroup;
			children = (
				4A2F115C131FD78E0029B4B8 /* Documentation Store Model.xcdatamodel */,
			);
			currentVersion = 4A2F115C131FD78E0029B4B8 /* Documentation Store Model.xcdatamodel */;
			name = "Documentation Store Model.xcdatamodeld";
			path = "Core/Data Model/Documentation Store Model.xcdatamodeld";
			sourceTree = "<group>";
			versionGroupType = wrapper.xcdatamodel;
		};
/* End XCVersionGroup section */
	};
	rootObject = 29B97313FDCFA39411CA2CEA /* Project object */;
}
